
Microsoft Visual Studio Solution File, Format Version 12.00
Project("{FAE04EC0-301F-11D3-BF4B-00C04F79EFBC}") = "GameDataParser", "GameDataParser\GameDataParser.csproj", "{9081FE1D-CC40-4ADA-870F-151A3DD47F9B}"
EndProject
Project("{FAE04EC0-301F-11D3-BF4B-00C04F79EFBC}") = "GameDataParserV2", "GameDataParserV2\GameDataParserV2.csproj", "{DDC5FBE5-B180-46DD-B0D8-108FEB4F04EB}"
EndProject
Global
	GlobalSection(SolutionConfigurationPlatforms) = preSolution
		Debug|Any CPU = Debug|Any CPU
		Release|Any CPU = Release|Any CPU
	EndGlobalSection
	GlobalSection(ProjectConfigurationPlatforms) = postSolution
		{9081FE1D-CC40-4ADA-870F-151A3DD47F9B}.Debug|Any CPU.ActiveCfg = Debug|Any CPU
		{9081FE1D-CC40-4ADA-870F-151A3DD47F9B}.Debug|Any CPU.Build.0 = Debug|Any CPU
		{9081FE1D-CC40-4ADA-870F-151A3DD47F9B}.Release|Any CPU.ActiveCfg = Release|Any CPU
		{9081FE1D-CC40-4ADA-870F-151A3DD47F9B}.Release|Any CPU.Build.0 = Release|Any CPU
		{DDC5FBE5-B180-46DD-B0D8-108FEB4F04EB}.Debug|Any CPU.ActiveCfg = Debug|Any CPU
		{DDC5FBE5-B180-46DD-B0D8-108FEB4F04EB}.Debug|Any CPU.Build.0 = Debug|Any CPU
		{DDC5FBE5-B180-46DD-B0D8-108FEB4F04EB}.Release|Any CPU.ActiveCfg = Release|Any CPU
		{DDC5FBE5-B180-46DD-B0D8-108FEB4F04EB}.Release|Any CPU.Build.0 = Release|Any CPU
	EndGlobalSection
EndGlobal
